
Microsoft Visual Studio Solution File, Format Version 12.00
# Visual Studio 2013
VisualStudioVersion = 12.0.21005.1
MinimumVisualStudioVersion = 10.0.40219.1
Project("{FAE04EC0-301F-11D3-BF4B-00C04F79EFBC}") = "TourWinForm", "QuanLyTour\TourWinForm.csproj", "{6F12E38E-2E22-482F-AC88-740DFA3D5C3E}"
EndProject
Project("{FAE04EC0-301F-11D3-BF4B-00C04F79EFBC}") = "TourWeb", "TourWeb\TourWeb.csproj", "{6360806D-76A7-4C66-BB06-4606F90FC3F9}"
EndProject
Project("{FAE04EC0-301F-11D3-BF4B-00C04F79EFBC}") = "Models", "Models\Models.csproj", "{D2B7B801-73B6-4B6C-A0E9-7AD2EA275C68}"
EndProject
Global
	GlobalSection(SolutionConfigurationPlatforms) = preSolution
		Debug|Any CPU = Debug|Any CPU
		Release|Any CPU = Release|Any CPU
	EndGlobalSection
	GlobalSection(ProjectConfigurationPlatforms) = postSolution
		{6F12E38E-2E22-482F-AC88-740DFA3D5C3E}.Debug|Any CPU.ActiveCfg = Debug|Any CPU
		{6F12E38E-2E22-482F-AC88-740DFA3D5C3E}.Debug|Any CPU.Build.0 = Debug|Any CPU
		{6F12E38E-2E22-482F-AC88-740DFA3D5C3E}.Release|Any CPU.ActiveCfg = Release|Any CPU
		{6F12E38E-2E22-482F-AC88-740DFA3D5C3E}.Release|Any CPU.Build.0 = Release|Any CPU
		{6360806D-76A7-4C66-BB06-4606F90FC3F9}.Debug|Any CPU.ActiveCfg = Debug|Any CPU
		{6360806D-76A7-4C66-BB06-4606F90FC3F9}.Debug|Any CPU.Build.0 = Debug|Any CPU
		{6360806D-76A7-4C66-BB06-4606F90FC3F9}.Release|Any CPU.ActiveCfg = Release|Any CPU
		{6360806D-76A7-4C66-BB06-4606F90FC3F9}.Release|Any CPU.Build.0 = Release|Any CPU
		{D2B7B801-73B6-4B6C-A0E9-7AD2EA275C68}.Debug|Any CPU.ActiveCfg = Debug|Any CPU
		{D2B7B801-73B6-4B6C-A0E9-7AD2EA275C68}.Debug|Any CPU.Build.0 = Debug|Any CPU
		{D2B7B801-73B6-4B6C-A0E9-7AD2EA275C68}.Release|Any CPU.ActiveCfg = Release|Any CPU
		{D2B7B801-73B6-4B6C-A0E9-7AD2EA275C68}.Release|Any CPU.Build.0 = Release|Any CPU
	EndGlobalSection
	GlobalSection(SolutionProperties) = preSolution
		HideSolutionNode = FALSE
	EndGlobalSection
EndGlobal
